{
  "name": "Links",
  "lockfileVersion": 3,
  "requires": true,
  "packages": {
    "": {
      "dependencies": {
        "marked": "^10.0.0"
      }
    },
    "node_modules/marked": {
      "version": "10.0.0",
      "resolved": "https://registry.npmmirror.com/marked/-/marked-10.0.0.tgz",
      "integrity": "sha512-YiGcYcWj50YrwBgNzFoYhQ1hT6GmQbFG8SksnYJX1z4BXTHSOrz1GB5/Jm2yQvMg4nN1FHP4M6r03R10KrVUiA==",
      "bin": {
        "marked": "bin/marked.js"
      },
      "engines": {
        "node": ">= 18"
      }
    }
  }
}
